# THIS IS AN AUTOGENERATED FILE. DO NOT EDIT THIS FILE DIRECTLY.
# yarn lockfile v1


react-hook-form@^7.49.2:
  version "7.49.2"
  resolved "https://registry.yarnpkg.com/react-hook-form/-/react-hook-form-7.49.2.tgz#6fb2742e1308020f26cb1915c7012b6c07b11ade"
  integrity sha512-TZcnSc17+LPPVpMRIDNVITY6w20deMdNi6iehTFLV1x8SqThXGwu93HjlUVU09pzFgZH7qZOvLMM7UYf2ShAHA==
